
Microsoft Visual Studio Solution File, Format Version 12.00
# Visual Studio Version 17
VisualStudioVersion = 17.9.34902.65
MinimumVisualStudioVersion = 10.0.40219.1
Project("{FAE04EC0-301F-11D3-BF4B-00C04F79EFBC}") = "TechnupurTask", "TechnupurTask\TechnupurTask.csproj", "{FE2EA5E2-1516-4E15-A0E5-6C784E3CD089}"
EndProject
Global
	GlobalSection(SolutionConfigurationPlatforms) = preSolution
		Debug|Any CPU = Debug|Any CPU
		Release|Any CPU = Release|Any CPU
	EndGlobalSection
	GlobalSection(ProjectConfigurationPlatforms) = postSolution
		{FE2EA5E2-1516-4E15-A0E5-6C784E3CD089}.Debug|Any CPU.ActiveCfg = Debug|Any CPU
		{FE2EA5E2-1516-4E15-A0E5-6C784E3CD089}.Debug|Any CPU.Build.0 = Debug|Any CPU
		{FE2EA5E2-1516-4E15-A0E5-6C784E3CD089}.Release|Any CPU.ActiveCfg = Release|Any CPU
		{FE2EA5E2-1516-4E15-A0E5-6C784E3CD089}.Release|Any CPU.Build.0 = Release|Any CPU
	EndGlobalSection
	GlobalSection(SolutionProperties) = preSolution
		HideSolutionNode = FALSE
	EndGlobalSection
	GlobalSection(ExtensibilityGlobals) = postSolution
		SolutionGuid = {D65C4707-D051-4F2C-90E8-48F7F94416E7}
	EndGlobalSection
EndGlobal
